// !$*UTF8*$!
{
	archiveVersion = 1;
	classes = {
	};
	objectVersion = 56;
	objects = {

/* Begin PBXBuildFile section */
		DAABC17F29071E4000FC5597 /* GTLink_Sign_UpApp.swift in Sources */ = {isa = PBXBuildFile; fileRef = DAABC17E29071E4000FC5597 /* GTLink_Sign_UpApp.swift */; };
		DAABC18129071E4000FC5597 /* Persistence.swift in Sources */ = {isa = PBXBuildFile; fileRef = DAABC18029071E4000FC5597 /* Persistence.swift */; };
		DAABC18429071E4000FC5597 /* GTLink_Sign_Up.xcdatamodeld in Sources */ = {isa = PBXBuildFile; fileRef = DAABC18229071E4000FC5597 /* GTLink_Sign_Up.xcdatamodeld */; };
		DAABC18629071E4000FC5597 /* ContentView.swift in Sources */ = {isa = PBXBuildFile; fileRef = DAABC18529071E4000FC5597 /* ContentView.swift */; };
		DAABC18829071E4200FC5597 /* Assets.xcassets in Resources */ = {isa = PBXBuildFile; fileRef = DAABC18729071E4200FC5597 /* Assets.xcassets */; };
		DAABC18C29071E4200FC5597 /* Preview Assets.xcassets in Resources */ = {isa = PBXBuildFile; fileRef = DAABC18B29071E4200FC5597 /* Preview Assets.xcassets */; };
		DAABC19329071E7D00FC5597 /* SignUpView.swift in Sources */ = {isa = PBXBuildFile; fileRef = DAABC19229071E7D00FC5597 /* SignUpView.swift */; };
		DAABC19529095A3800FC5597 /* CreatePostView.swift in Sources */ = {isa = PBXBuildFile; fileRef = DAABC19429095A3800FC5597 /* CreatePostView.swift */; };
		DAABC197290976D800FC5597 /* ImagePicker.swift in Sources */ = {isa = PBXBuildFile; fileRef = DAABC196290976D800FC5597 /* ImagePicker.swift */; };
/* End PBXBuildFile section */

/* Begin PBXFileReference section */
		DAABC17B29071E4000FC5597 /* GTLink-Sign-Up.app */ = {isa = PBXFileReference; explicitFileType = wrapper.application; includeInIndex = 0; path = "GTLink-Sign-Up.app"; sourceTree = BUILT_PRODUCTS_DIR; };
		DAABC17E29071E4000FC5597 /* GTLink_Sign_UpApp.swift */ = {isa = PBXFileReference; lastKnownFileType = sourcecode.swift; path = GTLink_Sign_UpApp.swift; sourceTree = "<group>"; };
		DAABC18029071E4000FC5597 /* Persistence.swift */ = {isa = PBXFileReference; lastKnownFileType = sourcecode.swift; path = Persistence.swift; sourceTree = "<group>"; };
		DAABC18329071E4000FC5597 /* GTLink_Sign_Up.xcdatamodel */ = {isa = PBXFileReference; lastKnownFileType = wrapper.xcdatamodel; path = GTLink_Sign_Up.xcdatamodel; sourceTree = "<group>"; };
		DAABC18529071E4000FC5597 /* ContentView.swift */ = {isa = PBXFileReference; lastKnownFileType = sourcecode.swift; path = ContentView.swift; sourceTree = "<group>"; };
		DAABC18729071E4200FC5597 /* Assets.xcassets */ = {isa = PBXFileReference; lastKnownFileType = folder.assetcatalog; path = Assets.xcassets; sourceTree = "<group>"; };
		DAABC18929071E4200FC5597 /* GTLink_Sign_Up.entitlements */ = {isa = PBXFileReference; lastKnownFileType = text.plist.entitlements; path = GTLink_Sign_Up.entitlements; sourceTree = "<group>"; };
		DAABC18B29071E4200FC5597 /* Preview Assets.xcassets */ = {isa = PBXFileReference; lastKnownFileType = folder.assetcatalog; path = "Preview Assets.xcassets"; sourceTree = "<group>"; };
		DAABC19229071E7D00FC5597 /* SignUpView.swift */ = {isa = PBXFileReference; lastKnownFileType = sourcecode.swift; path = SignUpView.swift; sourceTree = "<group>"; };
		DAABC19429095A3800FC5597 /* CreatePostView.swift */ = {isa = PBXFileReference; lastKnownFileType = sourcecode.swift; path = CreatePostView.swift; sourceTree = "<group>"; };
		DAABC196290976D800FC5597 /* ImagePicker.swift */ = {isa = PBXFileReference; lastKnownFileType = sourcecode.swift; path = ImagePicker.swift; sourceTree = "<group>"; };
/* End PBXFileReference section */

/* Begin PBXFrameworksBuildPhase section */
		DAABC17829071E4000FC5597 /* Frameworks */ = {
			isa = PBXFrameworksBuildPhase;
			buildActionMask = 2147483647;
			files = (
			);
			runOnlyForDeploymentPostprocessing = 0;
		};
/* End PBXFrameworksBuildPhase section */

/* Begin PBXGroup section */
		DAABC17229071E4000FC5597 = {
			isa = PBXGroup;
			children = (
				DAABC17D29071E4000FC5597 /* GTLink-Sign-Up */,
				DAABC17C29071E4000FC5597 /* Products */,
			);
			sourceTree = "<group>";
		};
		DAABC17C29071E4000FC5597 /* Products */ = {
			isa = PBXGroup;
			children = (
				DAABC17B29071E4000FC5597 /* GTLink-Sign-Up.app */,
			);
			name = Products;
			sourceTree = "<group>";
		};
		DAABC17D29071E4000FC5597 /* GTLink-Sign-Up */ = {
			isa = PBXGroup;
			children = (
				DAABC17E29071E4000FC5597 /* GTLink_Sign_UpApp.swift */,
				DAABC18029071E4000FC5597 /* Persistence.swift */,
				DAABC18529071E4000FC5597 /* ContentView.swift */,
				DAABC19229071E7D00FC5597 /* SignUpView.swift */,
				DAABC196290976D800FC5597 /* ImagePicker.swift */,
				DAABC19429095A3800FC5597 /* CreatePostView.swift */,
				DAABC18729071E4200FC5597 /* Assets.xcassets */,
				DAABC18929071E4200FC5597 /* GTLink_Sign_Up.entitlements */,
				DAABC18229071E4000FC5597 /* GTLink_Sign_Up.xcdatamodeld */,
				DAABC18A29071E4200FC5597 /* Preview Content */,
			);
			path = "GTLink-Sign-Up";
			sourceTree = "<group>";
		};
		DAABC18A29071E4200FC5597 /* Preview Content */ = {
			isa = PBXGroup;
			children = (
				DAABC18B29071E4200FC5597 /* Preview Assets.xcassets */,
			);
			path = "Preview Content";
			sourceTree = "<group>";
		};
/* End PBXGroup section */

/* Begin PBXNativeTarget section */
		DAABC17A29071E4000FC5597 /* GTLink-Sign-Up */ = {
			isa = PBXNativeTarget;
			buildConfigurationList = DAABC18F29071E4200FC5597 /* Build configuration list for PBXNativeTarget "GTLink-Sign-Up" */;
			buildPhases = (
				DAABC17729071E4000FC5597 /* Sources */,
				DAABC17829071E4000FC5597 /* Frameworks */,
				DAABC17929071E4000FC5597 /* Resources */,
			);
			buildRules = (
			);
			dependencies = (
			);
			name = "GTLink-Sign-Up";
			productName = "GTLink-Sign-Up";
			productReference = DAABC17B29071E4000FC5597 /* GTLink-Sign-Up.app */;
			productType = "com.apple.product-type.application";
		};
/* End PBXNativeTarget section */

/* Begin PBXProject section */
		DAABC17329071E4000FC5597 /* Project object */ = {
			isa = PBXProject;
			attributes = {
				BuildIndependentTargetsInParallel = 1;
				LastSwiftUpdateCheck = 1400;
				LastUpgradeCheck = 1400;
				TargetAttributes = {
					DAABC17A29071E4000FC5597 = {
						CreatedOnToolsVersion = 14.0.1;
					};
				};
			};
			buildConfigurationList = DAABC17629071E4000FC5597 /* Build configuration list for PBXProject "GTLink-Sign-Up" */;
			compatibilityVersion = "Xcode 14.0";
			developmentRegion = en;
			hasScannedForEncodings = 0;
			knownRegions = (
				en,
				Base,
			);
			mainGroup = DAABC17229071E4000FC5597;
			productRefGroup = DAABC17C29071E4000FC5597 /* Products */;
			projectDirPath = "";
			projectRoot = "";
			targets = (
				DAABC17A29071E4000FC5597 /* GTLink-Sign-Up */,
			);
		};
/* End PBXProject section */

/* Begin PBXResourcesBuildPhase section */
		DAABC17929071E4000FC5597 /* Resources */ = {
			isa = PBXResourcesBuildPhase;
			buildActionMask = 2147483647;
			files = (
				DAABC18C29071E4200FC5597 /* Preview Assets.xcassets in Resources */,
				DAABC18829071E4200FC5597 /* Assets.xcassets in Resources */,
			);
			runOnlyForDeploymentPostprocessing = 0;
		};
/* End PBXResourcesBuildPhase section */

/* Begin PBXSourcesBuildPhase section */
		DAABC17729071E4000FC5597 /* Sources */ = {
			isa = PBXSourcesBuildPhase;
			buildActionMask = 2147483647;
			files = (
				DAABC17F29071E4000FC5597 /* GTLink_Sign_UpApp.swift in Sources */,
				DAABC19329071E7D00FC5597 /* SignUpView.swift in Sources */,
				DAABC19529095A3800FC5597 /* CreatePostView.swift in Sources */,
				DAABC197290976D800FC5597 /* ImagePicker.swift in Sources */,
				DAABC18429071E4000FC5597 /* GTLink_Sign_Up.xcdatamodeld in Sources */,
				DAABC18629071E4000FC5597 /* ContentView.swift in Sources */,
				DAABC18129071E4000FC5597 /* Persistence.swift in Sources */,
			);
			runOnlyForDeploymentPostprocessing = 0;
		};
/* End PBXSourcesBuildPhase section */

/* Begin XCBuildConfiguration section */
		DAABC18D29071E4200FC5597 /* Debug */ = {
			isa = XCBuildConfiguration;
			buildSettings = {
				ALWAYS_SEARCH_USER_PATHS = NO;
				CLANG_ANALYZER_NONNULL = YES;
				CLANG_ANALYZER_NUMBER_OBJECT_CONVERSION = YES_AGGRESSIVE;
				CLANG_CXX_LANGUAGE_STANDARD = "gnu++20";
				CLANG_ENABLE_MODULES = YES;
				CLANG_ENABLE_OBJC_ARC = YES;
				CLANG_ENABLE_OBJC_WEAK = YES;
				CLANG_WARN_BLOCK_CAPTURE_AUTORELEASING = YES;
				CLANG_WARN_BOOL_CONVERSION = YES;
				CLANG_WARN_COMMA = YES;
				CLANG_WARN_CONSTANT_CONVERSION = YES;
				CLANG_WARN_DEPRECATED_OBJC_IMPLEMENTATIONS = YES;
				CLANG_WARN_DIRECT_OBJC_ISA_USAGE = YES_ERROR;
				CLANG_WARN_DOCUMENTATION_COMMENTS = YES;
				CLANG_WARN_EMPTY_BODY = YES;
				CLANG_WARN_ENUM_CONVERSION = YES;
				CLANG_WARN_INFINITE_RECURSION = YES;
				CLANG_WARN_INT_CONVERSION = YES;
				CLANG_WARN_NON_LITERAL_NULL_CONVERSION = YES;
				CLANG_WARN_OBJC_IMPLICIT_RETAIN_SELF = YES;
				CLANG_WARN_OBJC_LITERAL_CONVERSION = YES;
				CLANG_WARN_OBJC_ROOT_CLASS = YES_ERROR;
				CLANG_WARN_QUOTED_INCLUDE_IN_FRAMEWORK_HEADER = YES;
				CLANG_WARN_RANGE_LOOP_ANALYSIS = YES;
				CLANG_WARN_STRICT_PROTOTYPES = YES;
				CLANG_WARN_SUSPICIOUS_MOVE = YES;
				CLANG_WARN_UNGUARDED_AVAILABILITY = YES_AGGRESSIVE;
				CLANG_WARN_UNREACHABLE_CODE = YES;
				CLANG_WARN__DUPLICATE_METHOD_MATCH = YES;
				COPY_PHASE_STRIP = NO;
				DEBUG_INFORMATION_FORMAT = dwarf;
				ENABLE_STRICT_OBJC_MSGSEND = YES;
				ENABLE_TESTABILITY = YES;
				GCC_C_LANGUAGE_STANDARD = gnu11;
				GCC_DYNAMIC_NO_PIC = NO;
				GCC_NO_COMMON_BLOCKS = YES;
				GCC_OPTIMIZATION_LEVEL = 0;
				GCC_PREPROCESSOR_DEFINITIONS = (
					"DEBUG=1",
					"$(inherited)",
				);
				GCC_WARN_64_TO_32_BIT_CONVERSION = YES;
				GCC_WARN_ABOUT_RETURN_TYPE = YES_ERROR;
				GCC_WARN_UNDECLARED_SELECTOR = YES;
				GCC_WARN_UNINITIALIZED_AUTOS = YES_AGGRESSIVE;
				GCC_WARN_UNUSED_FUNCTION = YES;
				GCC_WARN_UNUSED_VARIABLE = YES;
				MTL_ENABLE_DEBUG_INFO = INCLUDE_SOURCE;
				MTL_FAST_MATH = YES;
				ONLY_ACTIVE_ARCH = YES;
				SWIFT_ACTIVE_COMPILATION_CONDITIONS = DEBUG;
				SWIFT_OPTIMIZATION_LEVEL = "-Onone";
			};
			name = Debug;
		};
		DAABC18E29071E4200FC5597 /* Release */ = {
			isa = XCBuildConfiguration;
			buildSettings = {
				ALWAYS_SEARCH_USER_PATHS = NO;
				CLANG_ANALYZER_NONNULL = YES;
				CLANG_ANALYZER_NUMBER_OBJECT_CONVERSION = YES_AGGRESSIVE;
				CLANG_CXX_LANGUAGE_STANDARD = "gnu++20";
				CLANG_ENABLE_MODULES = YES;
				CLANG_ENABLE_OBJC_ARC = YES;
				CLANG_ENABLE_OBJC_WEAK = YES;
				CLANG_WARN_BLOCK_CAPTURE_AUTORELEASING = YES;
				CLANG_WARN_BOOL_CONVERSION = YES;
				CLANG_WARN_COMMA = YES;
				CLANG_WARN_CONSTANT_CONVERSION = YES;
				CLANG_WARN_DEPRECATED_OBJC_IMPLEMENTATIONS = YES;
				CLANG_WARN_DIRECT_OBJC_ISA_USAGE = YES_ERROR;
				CLANG_WARN_DOCUMENTATION_COMMENTS = YES;
				CLANG_WARN_EMPTY_BODY = YES;
				CLANG_WARN_ENUM_CONVERSION = YES;
				CLANG_WARN_INFINITE_RECURSION = YES;
				CLANG_WARN_INT_CONVERSION = YES;
				CLANG_WARN_NON_LITERAL_NULL_CONVERSION = YES;
				CLANG_WARN_OBJC_IMPLICIT_RETAIN_SELF = YES;
				CLANG_WARN_OBJC_LITERAL_CONVERSION = YES;
				CLANG_WARN_OBJC_ROOT_CLASS = YES_ERROR;
				CLANG_WARN_QUOTED_INCLUDE_IN_FRAMEWORK_HEADER = YES;
				CLANG_WARN_RANGE_LOOP_ANALYSIS = YES;
				CLANG_WARN_STRICT_PROTOTYPES = YES;
				CLANG_WARN_SUSPICIOUS_MOVE = YES;
				CLANG_WARN_UNGUARDED_AVAILABILITY = YES_AGGRESSIVE;
				CLANG_WARN_UNREACHABLE_CODE = YES;
				CLANG_WARN__DUPLICATE_METHOD_MATCH = YES;
				COPY_PHASE_STRIP = NO;
				DEBUG_INFORMATION_FORMAT = "dwarf-with-dsym";
				ENABLE_NS_ASSERTIONS = NO;
				ENABLE_STRICT_OBJC_MSGSEND = YES;
				GCC_C_LANGUAGE_STANDARD = gnu11;
				GCC_NO_COMMON_BLOCKS = YES;
				GCC_WARN_64_TO_32_BIT_CONVERSION = YES;
				GCC_WARN_ABOUT_RETURN_TYPE = YES_ERROR;
				GCC_WARN_UNDECLARED_SELECTOR = YES;
				GCC_WARN_UNINITIALIZED_AUTOS = YES_AGGRESSIVE;
				GCC_WARN_UNUSED_FUNCTION = YES;
				GCC_WARN_UNUSED_VARIABLE = YES;
				MTL_ENABLE_DEBUG_INFO = NO;
				MTL_FAST_MATH = YES;
				SWIFT_COMPILATION_MODE = wholemodule;
				SWIFT_OPTIMIZATION_LEVEL = "-O";
			};
			name = Release;
		};
		DAABC19029071E4200FC5597 /* Debug */ = {
			isa = XCBuildConfiguration;
			buildSettings = {
				ASSETCATALOG_COMPILER_APPICON_NAME = AppIcon;
				ASSETCATALOG_COMPILER_GLOBAL_ACCENT_COLOR_NAME = AccentColor;
				CODE_SIGN_ENTITLEMENTS = "GTLink-Sign-Up/GTLink_Sign_Up.entitlements";
				CODE_SIGN_STYLE = Automatic;
				CURRENT_PROJECT_VERSION = 1;
				DEVELOPMENT_ASSET_PATHS = "\"GTLink-Sign-Up/Preview Content\"";
				DEVELOPMENT_TEAM = 5775SM55U4;
				ENABLE_HARDENED_RUNTIME = YES;
				ENABLE_PREVIEWS = YES;
				GENERATE_INFOPLIST_FILE = YES;
				"INFOPLIST_KEY_UIApplicationSceneManifest_Generation[sdk=iphoneos*]" = YES;
				"INFOPLIST_KEY_UIApplicationSceneManifest_Generation[sdk=iphonesimulator*]" = YES;
				"INFOPLIST_KEY_UIApplicationSupportsIndirectInputEvents[sdk=iphoneos*]" = YES;
				"INFOPLIST_KEY_UIApplicationSupportsIndirectInputEvents[sdk=iphonesimulator*]" = YES;
				"INFOPLIST_KEY_UILaunchScreen_Generation[sdk=iphoneos*]" = YES;
				"INFOPLIST_KEY_UILaunchScreen_Generation[sdk=iphonesimulator*]" = YES;
				"INFOPLIST_KEY_UIStatusBarStyle[sdk=iphoneos*]" = UIStatusBarStyleDefault;
				"INFOPLIST_KEY_UIStatusBarStyle[sdk=iphonesimulator*]" = UIStatusBarStyleDefault;
				INFOPLIST_KEY_UISupportedInterfaceOrientations_iPad = "UIInterfaceOrientationPortrait UIInterfaceOrientationPortraitUpsideDown UIInterfaceOrientationLandscapeLeft UIInterfaceOrientationLandscapeRight";
				INFOPLIST_KEY_UISupportedInterfaceOrientations_iPhone = "UIInterfaceOrientationPortrait UIInterfaceOrientationLandscapeLeft UIInterfaceOrientationLandscapeRight";
				IPHONEOS_DEPLOYMENT_TARGET = 16.0;
				LD_RUNPATH_SEARCH_PATHS = "@executable_path/Frameworks";
				"LD_RUNPATH_SEARCH_PATHS[sdk=macosx*]" = "@executable_path/../Frameworks";
				MACOSX_DEPLOYMENT_TARGET = 12.3;
				MARKETING_VERSION = 1.0;
				PRODUCT_BUNDLE_IDENTIFIER = "com.riverpease.GTLink-Sign-Up";
				PRODUCT_NAME = "$(TARGET_NAME)";
				SDKROOT = auto;
				SUPPORTED_PLATFORMS = "iphoneos iphonesimulator macosx";
				SWIFT_EMIT_LOC_STRINGS = YES;
				SWIFT_VERSION = 5.0;
				TARGETED_DEVICE_FAMILY = "1,2";
			};
			name = Debug;
		};
		DAABC19129071E4200FC5597 /* Release */ = {
			isa = XCBuildConfiguration;
			buildSettings = {
				ASSETCATALOG_COMPILER_APPICON_NAME = AppIcon;
				ASSETCATALOG_COMPILER_GLOBAL_ACCENT_COLOR_NAME = AccentColor;
				CODE_SIGN_ENTITLEMENTS = "GTLink-Sign-Up/GTLink_Sign_Up.entitlements";
				CODE_SIGN_STYLE = Automatic;
				CURRENT_PROJECT_VERSION = 1;
				DEVELOPMENT_ASSET_PATHS = "\"GTLink-Sign-Up/Preview Content\"";
				DEVELOPMENT_TEAM = 5775SM55U4;
				ENABLE_HARDENED_RUNTIME = YES;
				ENABLE_PREVIEWS = YES;
				GENERATE_INFOPLIST_FILE = YES;
				"INFOPLIST_KEY_UIApplicationSceneManifest_Generation[sdk=iphoneos*]" = YES;
				"INFOPLIST_KEY_UIApplicationSceneManifest_Generation[sdk=iphonesimulator*]" = YES;
				"INFOPLIST_KEY_UIApplicationSupportsIndirectInputEvents[sdk=iphoneos*]" = YES;
				"INFOPLIST_KEY_UIApplicationSupportsIndirectInputEvents[sdk=iphonesimulator*]" = YES;
				"INFOPLIST_KEY_UILaunchScreen_Generation[sdk=iphoneos*]" = YES;
				"INFOPLIST_KEY_UILaunchScreen_Generation[sdk=iphonesimulator*]" = YES;
				"INFOPLIST_KEY_UIStatusBarStyle[sdk=iphoneos*]" = UIStatusBarStyleDefault;
				"INFOPLIST_KEY_UIStatusBarStyle[sdk=iphonesimulator*]" = UIStatusBarStyleDefault;
				INFOPLIST_KEY_UISupportedInterfaceOrientations_iPad = "UIInterfaceOrientationPortrait UIInterfaceOrientationPortraitUpsideDown UIInterfaceOrientationLandscapeLeft UIInterfaceOrientationLandscapeRight";
				INFOPLIST_KEY_UISupportedInterfaceOrientations_iPhone = "UIInterfaceOrientationPortrait UIInterfaceOrientationLandscapeLeft UIInterfaceOrientationLandscapeRight";
				IPHONEOS_DEPLOYMENT_TARGET = 16.0;
				LD_RUNPATH_SEARCH_PATHS = "@executable_path/Frameworks";
				"LD_RUNPATH_SEARCH_PATHS[sdk=macosx*]" = "@executable_path/../Frameworks";
				MACOSX_DEPLOYMENT_TARGET = 12.3;
				MARKETING_VERSION = 1.0;
				PRODUCT_BUNDLE_IDENTIFIER = "com.riverpease.GTLink-Sign-Up";
				PRODUCT_NAME = "$(TARGET_NAME)";
				SDKROOT = auto;
				SUPPORTED_PLATFORMS = "iphoneos iphonesimulator macosx";
				SWIFT_EMIT_LOC_STRINGS = YES;
				SWIFT_VERSION = 5.0;
				TARGETED_DEVICE_FAMILY = "1,2";
			};
			name = Release;
		};
/* End XCBuildConfiguration section */

/* Begin XCConfigurationList section */
		DAABC17629071E4000FC5597 /* Build configuration list for PBXProject "GTLink-Sign-Up" */ = {
			isa = XCConfigurationList;
			buildConfigurations = (
				DAABC18D29071E4200FC5597 /* Debug */,
				DAABC18E29071E4200FC5597 /* Release */,
			);
			defaultConfigurationIsVisible = 0;
			defaultConfigurationName = Release;
		};
		DAABC18F29071E4200FC5597 /* Build configuration list for PBXNativeTarget "GTLink-Sign-Up" */ = {
			isa = XCConfigurationList;
			buildConfigurations = (
				DAABC19029071E4200FC5597 /* Debug */,
				DAABC19129071E4200FC5597 /* Release */,
			);
			defaultConfigurationIsVisible = 0;
			defaultConfigurationName = Release;
		};
/* End XCConfigurationList section */

/* Begin XCVersionGroup section */
		DAABC18229071E4000FC5597 /* GTLink_Sign_Up.xcdatamodeld */ = {
			isa = XCVersionGroup;
			children = (
				DAABC18329071E4000FC5597 /* GTLink_Sign_Up.xcdatamodel */,
			);
			currentVersion = DAABC18329071E4000FC5597 /* GTLink_Sign_Up.xcdatamodel */;
			path = GTLink_Sign_Up.xcdatamodeld;
			sourceTree = "<group>";
			versionGroupType = wrapper.xcdatamodel;
		};
/* End XCVersionGroup section */
	};
	rootObject = DAABC17329071E4000FC5597 /* Project object */;
}
